
Microsoft Visual Studio Solution File, Format Version 12.00
# Visual Studio Version 16
VisualStudioVersion = 16.0.31624.102
MinimumVisualStudioVersion = 10.0.40219.1
Project("{FAE04EC0-301F-11D3-BF4B-00C04F79EFBC}") = "ReactCSV.Web", "ReactCSV.Web\ReactCSV.Web.csproj", "{8CC5F7FE-3345-4D82-9C05-8302CAD4ED34}"
EndProject
Project("{FAE04EC0-301F-11D3-BF4B-00C04F79EFBC}") = "ReactCSV.Data", "ReactCSV.Data\ReactCSV.Data.csproj", "{FBDC7B94-E0FB-4AAD-BB61-91F96DA1636A}"
EndProject
Global
	GlobalSection(SolutionConfigurationPlatforms) = preSolution
		Debug|Any CPU = Debug|Any CPU
		Release|Any CPU = Release|Any CPU
	EndGlobalSection
	GlobalSection(ProjectConfigurationPlatforms) = postSolution
		{8CC5F7FE-3345-4D82-9C05-8302CAD4ED34}.Debug|Any CPU.ActiveCfg = Debug|Any CPU
		{8CC5F7FE-3345-4D82-9C05-8302CAD4ED34}.Debug|Any CPU.Build.0 = Debug|Any CPU
		{8CC5F7FE-3345-4D82-9C05-8302CAD4ED34}.Release|Any CPU.ActiveCfg = Release|Any CPU
		{8CC5F7FE-3345-4D82-9C05-8302CAD4ED34}.Release|Any CPU.Build.0 = Release|Any CPU
		{FBDC7B94-E0FB-4AAD-BB61-91F96DA1636A}.Debug|Any CPU.ActiveCfg = Debug|Any CPU
		{FBDC7B94-E0FB-4AAD-BB61-91F96DA1636A}.Debug|Any CPU.Build.0 = Debug|Any CPU
		{FBDC7B94-E0FB-4AAD-BB61-91F96DA1636A}.Release|Any CPU.ActiveCfg = Release|Any CPU
		{FBDC7B94-E0FB-4AAD-BB61-91F96DA1636A}.Release|Any CPU.Build.0 = Release|Any CPU
	EndGlobalSection
	GlobalSection(SolutionProperties) = preSolution
		HideSolutionNode = FALSE
	EndGlobalSection
	GlobalSection(ExtensibilityGlobals) = postSolution
		SolutionGuid = {2C4892B6-4F07-48BE-BB40-7BD591EE72AD}
	EndGlobalSection
EndGlobal
